
Microsoft Visual Studio Solution File, Format Version 12.00
# Visual Studio Version 17
VisualStudioVersion = 17.10.35027.167
MinimumVisualStudioVersion = 10.0.40219.1
Project("{9A19103F-16F7-4668-BE54-9A1E7A4F7556}") = "womanup_blog", "womanup_blog\womanup_blog.csproj", "{C7CA5773-2C4D-4138-A733-635754855E49}"
EndProject
Global
	GlobalSection(SolutionConfigurationPlatforms) = preSolution
		Debug|Any CPU = Debug|Any CPU
		Release|Any CPU = Release|Any CPU
	EndGlobalSection
	GlobalSection(ProjectConfigurationPlatforms) = postSolution
		{C7CA5773-2C4D-4138-A733-635754855E49}.Debug|Any CPU.ActiveCfg = Debug|Any CPU
		{C7CA5773-2C4D-4138-A733-635754855E49}.Debug|Any CPU.Build.0 = Debug|Any CPU
		{C7CA5773-2C4D-4138-A733-635754855E49}.Debug|Any CPU.Deploy.0 = Debug|Any CPU
		{C7CA5773-2C4D-4138-A733-635754855E49}.Release|Any CPU.ActiveCfg = Release|Any CPU
		{C7CA5773-2C4D-4138-A733-635754855E49}.Release|Any CPU.Build.0 = Release|Any CPU
		{C7CA5773-2C4D-4138-A733-635754855E49}.Release|Any CPU.Deploy.0 = Release|Any CPU
	EndGlobalSection
	GlobalSection(SolutionProperties) = preSolution
		HideSolutionNode = FALSE
	EndGlobalSection
	GlobalSection(ExtensibilityGlobals) = postSolution
		SolutionGuid = {BB99C154-5147-4725-B9F4-10DCC6B8D987}
	EndGlobalSection
EndGlobal
